
Microsoft Visual Studio Solution File, Format Version 12.00
# Visual Studio Version 17
VisualStudioVersion = 17.1.32421.90
MinimumVisualStudioVersion = 10.0.40219.1
Project("{9A19103F-16F7-4668-BE54-9A1E7A4F7556}") = "Fast_Food_Management_System", "Fast_Food_Management_System.csproj", "{BA33A5E9-2FBF-4E3D-BC76-02CFEB036C2F}"
EndProject
Global
	GlobalSection(SolutionConfigurationPlatforms) = preSolution
		Debug|Any CPU = Debug|Any CPU
		Release|Any CPU = Release|Any CPU
	EndGlobalSection
	GlobalSection(ProjectConfigurationPlatforms) = postSolution
		{BA33A5E9-2FBF-4E3D-BC76-02CFEB036C2F}.Debug|Any CPU.ActiveCfg = Debug|Any CPU
		{BA33A5E9-2FBF-4E3D-BC76-02CFEB036C2F}.Debug|Any CPU.Build.0 = Debug|Any CPU
		{BA33A5E9-2FBF-4E3D-BC76-02CFEB036C2F}.Release|Any CPU.ActiveCfg = Release|Any CPU
		{BA33A5E9-2FBF-4E3D-BC76-02CFEB036C2F}.Release|Any CPU.Build.0 = Release|Any CPU
	EndGlobalSection
	GlobalSection(SolutionProperties) = preSolution
		HideSolutionNode = FALSE
	EndGlobalSection
	GlobalSection(ExtensibilityGlobals) = postSolution
		SolutionGuid = {BC34228C-58F6-4619-B555-5AE817766445}
	EndGlobalSection
EndGlobal
